
Microsoft Visual Studio Solution File, Format Version 12.00
# Visual Studio Version 17
VisualStudioVersion = 17.6.33829.357
MinimumVisualStudioVersion = 10.0.40219.1
Project("{FAE04EC0-301F-11D3-BF4B-00C04F79EFBC}") = "undefined-password", "undefined-password\undefined-password.csproj", "{607BE83F-A5FE-47EF-B46B-2642DAF5FAD7}"
EndProject
Global
	GlobalSection(SolutionConfigurationPlatforms) = preSolution
		Debug|Any CPU = Debug|Any CPU
		Release|Any CPU = Release|Any CPU
	EndGlobalSection
	GlobalSection(ProjectConfigurationPlatforms) = postSolution
		{607BE83F-A5FE-47EF-B46B-2642DAF5FAD7}.Debug|Any CPU.ActiveCfg = Debug|Any CPU
		{607BE83F-A5FE-47EF-B46B-2642DAF5FAD7}.Debug|Any CPU.Build.0 = Debug|Any CPU
		{607BE83F-A5FE-47EF-B46B-2642DAF5FAD7}.Release|Any CPU.ActiveCfg = Release|Any CPU
		{607BE83F-A5FE-47EF-B46B-2642DAF5FAD7}.Release|Any CPU.Build.0 = Release|Any CPU
	EndGlobalSection
	GlobalSection(SolutionProperties) = preSolution
		HideSolutionNode = FALSE
	EndGlobalSection
	GlobalSection(ExtensibilityGlobals) = postSolution
		SolutionGuid = {D2E331DB-F55E-4241-806D-04435B8D051A}
	EndGlobalSection
EndGlobal
